PODS:
  - Alamofire (4.8.1)
  - Kanna (4.0.3)
  - NVActivityIndicatorView (4.6.1):
    - NVActivityIndicatorView/Presenter (= 4.6.1)
  - NVActivityIndicatorView/Presenter (4.6.1)
  - RxAtomic (4.4.1)
  - RxCocoa (4.4.1):
    - RxSwift (~> 4.0)
  - RxSwift (4.4.1):
    - RxAtomic (~> 4.4)

DEPENDENCIES:
  - Alamofire (~> 4.8)
  - Kanna (~> 4.0.0)
  - NVActivityIndicatorView
  - RxCocoa (~> 4.0)
  - RxSwift (~> 4.0)

SPEC REPOS:
  https://github.com/cocoapods/specs.git:
    - Alamofire
    - Kanna
    - NVActivityIndicatorView
    - RxAtomic
    - RxCocoa
    - RxSwift

SPEC CHECKSUMS:
  Alamofire: 16ce2c353fb72865124ddae8a57c5942388f4f11
  Kanna: 0ebbdd0e7e3308f0aafbd569e79c8cadc5eb877c
  NVActivityIndicatorView: 4ca19fccc84595a78957336a086d00a49be6ce61
  RxAtomic: f8d6adc1ccb87a767811269e4875887bc74dbf19
  RxCocoa: 2f35a76bf8887872e28a1914112395b11b8e0e64
  RxSwift: 92fcf68dfef21f3e2ab1965363d9e7b3d787597e

PODFILE CHECKSUM: dd5ddf0bdf9c758e5b64cbf90ff7e3a885cb7421

COCOAPODS: 1.6.0
